
Microsoft Visual Studio Solution File, Format Version 11.00
# Visual Studio 2010
Project("{FAE04EC0-301F-11D3-BF4B-00C04F79EFBC}") = "Daemaged.InlineIL", "Daemaged.InlineIL\Daemaged.InlineIL.csproj", "{DD22CE04-2896-4430-8D16-CD7FB06BABD4}"
EndProject
Global
	GlobalSection(SolutionConfigurationPlatforms) = preSolution
		Debug|x86 = Debug|x86
		Release|x86 = Release|x86
	EndGlobalSection
	GlobalSection(ProjectConfigurationPlatforms) = postSolution
		{DD22CE04-2896-4430-8D16-CD7FB06BABD4}.Debug|x86.ActiveCfg = Debug|x86
		{DD22CE04-2896-4430-8D16-CD7FB06BABD4}.Debug|x86.Build.0 = Debug|x86
		{DD22CE04-2896-4430-8D16-CD7FB06BABD4}.Release|x86.ActiveCfg = Release|x86
		{DD22CE04-2896-4430-8D16-CD7FB06BABD4}.Release|x86.Build.0 = Release|x86
	EndGlobalSection
	GlobalSection(SolutionProperties) = preSolution
		HideSolutionNode = FALSE
	EndGlobalSection
EndGlobal
